// !$*UTF8*$!
{
	archiveVersion = 1;
	classes = {
	};
	objectVersion = 46;
	objects = {

/* Begin PBXBuildFile section */
		443C80EC15FC225B00D6497C /* UIKit.framework in Frameworks */ = {isa = PBXBuildFile; fileRef = 443C80EB15FC225B00D6497C /* UIKit.framework */; };
		443C80EE15FC225B00D6497C /* Foundation.framework in Frameworks */ = {isa = PBXBuildFile; fileRef = 443C80ED15FC225B00D6497C /* Foundation.framework */; };
		443C80F015FC225B00D6497C /* CoreGraphics.framework in Frameworks */ = {isa = PBXBuildFile; fileRef = 443C80EF15FC225B00D6497C /* CoreGraphics.framework */; };
		443C80F615FC225B00D6497C /* InfoPlist.strings in Resources */ = {isa = PBXBuildFile; fileRef = 443C80F415FC225B00D6497C /* InfoPlist.strings */; };
		443C80F815FC225B00D6497C /* main.m in Sources */ = {isa = PBXBuildFile; fileRef = 443C80F715FC225B00D6497C /* main.m */; };
		443C80FC15FC225B00D6497C /* AppDelegate.m in Sources */ = {isa = PBXBuildFile; fileRef = 443C80FB15FC225B00D6497C /* AppDelegate.m */; };
		443C80FF15FC225B00D6497C /* MainStoryboard_iPhone.storyboard in Resources */ = {isa = PBXBuildFile; fileRef = 443C80FD15FC225B00D6497C /* MainStoryboard_iPhone.storyboard */; };
		443C810215FC225B00D6497C /* MainStoryboard_iPad.storyboard in Resources */ = {isa = PBXBuildFile; fileRef = 443C810015FC225B00D6497C /* MainStoryboard_iPad.storyboard */; };
		443C810515FC225B00D6497C /* MasterViewController.m in Sources */ = {isa = PBXBuildFile; fileRef = 443C810415FC225B00D6497C /* MasterViewController.m */; };
		443C810815FC225B00D6497C /* DetailViewController.m in Sources */ = {isa = PBXBuildFile; fileRef = 443C810715FC225B00D6497C /* DetailViewController.m */; };
		443C811015FC225C00D6497C /* SenTestingKit.framework in Frameworks */ = {isa = PBXBuildFile; fileRef = 443C810F15FC225C00D6497C /* SenTestingKit.framework */; };
		443C811115FC225C00D6497C /* UIKit.framework in Frameworks */ = {isa = PBXBuildFile; fileRef = 443C80EB15FC225B00D6497C /* UIKit.framework */; };
		443C811215FC225C00D6497C /* Foundation.framework in Frameworks */ = {isa = PBXBuildFile; fileRef = 443C80ED15FC225B00D6497C /* Foundation.framework */; };
		443C811A15FC225C00D6497C /* InfoPlist.strings in Resources */ = {isa = PBXBuildFile; fileRef = 443C811815FC225C00D6497C /* InfoPlist.strings */; };
		443C811D15FC225C00D6497C /* FirstAppTests.m in Sources */ = {isa = PBXBuildFile; fileRef = 443C811C15FC225C00D6497C /* FirstAppTests.m */; };
		44C4205116311A8D008F2384 /* Test.c in Sources */ = {isa = PBXBuildFile; fileRef = 44C4205016311A8D008F2384 /* Test.c */; };
/* End PBXBuildFile section */

/* Begin PBXContainerItemProxy section */
		443C811315FC225C00D6497C /* PBXContainerItemProxy */ = {
			isa = PBXContainerItemProxy;
			containerPortal = 443C80DE15FC225B00D6497C /* Project object */;
			proxyType = 1;
			remoteGlobalIDString = 443C80E615FC225B00D6497C;
			remoteInfo = FirstApp;
		};
/* End PBXContainerItemProxy section */

/* Begin PBXFileReference section */
		443C80E715FC225B00D6497C /* FirstApp.app */ = {isa = PBXFileReference; explicitFileType = wrapper.application; includeInIndex = 0; path = FirstApp.app; sourceTree = BUILT_PRODUCTS_DIR; };
		443C80EB15FC225B00D6497C /* UIKit.framework */ = {isa = PBXFileReference; lastKnownFileType = wrapper.framework; name = UIKit.framework; path = System/Library/Frameworks/UIKit.framework; sourceTree = SDKROOT; };
		443C80ED15FC225B00D6497C /* Foundation.framework */ = {isa = PBXFileReference; lastKnownFileType = wrapper.framework; name = Foundation.framework; path = System/Library/Frameworks/Foundation.framework; sourceTree = SDKROOT; };
		443C80EF15FC225B00D6497C /* CoreGraphics.framework */ = {isa = PBXFileReference; lastKnownFileType = wrapper.framework; name = CoreGraphics.framework; path = System/Library/Frameworks/CoreGraphics.framework; sourceTree = SDKROOT; };
		443C80F315FC225B00D6497C /* FirstApp-Info.plist */ = {isa = PBXFileReference; lastKnownFileType = text.plist.xml; path = "FirstApp-Info.plist"; sourceTree = "<group>"; };
		443C80F515FC225B00D6497C /* en */ = {isa = PBXFileReference; lastKnownFileType = text.plist.strings; name = en; path = en.lproj/InfoPlist.strings; sourceTree = "<group>"; };
		443C80F715FC225B00D6497C /* main.m */ = {isa = PBXFileReference; lastKnownFileType = sourcecode.c.objc; path = main.m; sourceTree = "<group>"; };
		443C80F915FC225B00D6497C /* FirstApp-Prefix.pch */ = {isa = PBXFileReference; lastKnownFileType = sourcecode.c.h; path = "FirstApp-Prefix.pch"; sourceTree = "<group>"; };
		443C80FA15FC225B00D6497C /* AppDelegate.h */ = {isa = PBXFileReference; lastKnownFileType = sourcecode.c.h; path = AppDelegate.h; sourceTree = "<group>"; };
		443C80FB15FC225B00D6497C /* AppDelegate.m */ = {isa = PBXFileReference; lastKnownFileType = sourcecode.c.objc; path = AppDelegate.m; sourceTree = "<group>"; };
		443C80FE15FC225B00D6497C /* en */ = {isa = PBXFileReference; lastKnownFileType = file.storyboard; name = en; path = en.lproj/MainStoryboard_iPhone.storyboard; sourceTree = "<group>"; };
		443C810115FC225B00D6497C /* en */ = {isa = PBXFileReference; lastKnownFileType = file.storyboard; name = en; path = en.lproj/MainStoryboard_iPad.storyboard; sourceTree = "<group>"; };
		443C810315FC225B00D6497C /* MasterViewController.h */ = {isa = PBXFileReference; lastKnownFileType = sourcecode.c.h; path = MasterViewController.h; sourceTree = "<group>"; };
		443C810415FC225B00D6497C /* MasterViewController.m */ = {isa = PBXFileReference; lastKnownFileType = sourcecode.c.objc; path = MasterViewController.m; sourceTree = "<group>"; };
		443C810615FC225B00D6497C /* DetailViewController.h */ = {isa = PBXFileReference; lastKnownFileType = sourcecode.c.h; path = DetailViewController.h; sourceTree = "<group>"; };
		443C810715FC225B00D6497C /* DetailViewController.m */ = {isa = PBXFileReference; lastKnownFileType = sourcecode.c.objc; path = DetailViewController.m; sourceTree = "<group>"; };
		443C810E15FC225C00D6497C /* FirstAppTests.octest */ = {isa = PBXFileReference; explicitFileType = wrapper.cfbundle; includeInIndex = 0; path = FirstAppTests.octest; sourceTree = BUILT_PRODUCTS_DIR; };
		443C810F15FC225C00D6497C /* SenTestingKit.framework */ = {isa = PBXFileReference; lastKnownFileType = wrapper.framework; name = SenTestingKit.framework; path = Library/Frameworks/SenTestingKit.framework; sourceTree = DEVELOPER_DIR; };
		443C811715FC225C00D6497C /* FirstAppTests-Info.plist */ = {isa = PBXFileReference; lastKnownFileType = text.plist.xml; path = "FirstAppTests-Info.plist"; sourceTree = "<group>"; };
		443C811915FC225C00D6497C /* en */ = {isa = PBXFileReference; lastKnownFileType = text.plist.strings; name = en; path = en.lproj/InfoPlist.strings; sourceTree = "<group>"; };
		443C811B15FC225C00D6497C /* FirstAppTests.h */ = {isa = PBXFileReference; lastKnownFileType = sourcecode.c.h; path = FirstAppTests.h; sourceTree = "<group>"; };
		443C811C15FC225C00D6497C /* FirstAppTests.m */ = {isa = PBXFileReference; lastKnownFileType = sourcecode.c.objc; path = FirstAppTests.m; sourceTree = "<group>"; };
		44C4205016311A8D008F2384 /* Test.c */ = {isa = PBXFileReference; fileEncoding = 4; lastKnownFileType = sourcecode.c.c; path = Test.c; sourceTree = "<group>"; };
/* End PBXFileReference section */

/* Begin PBXFrameworksBuildPhase section */
		443C80E415FC225B00D6497C /* Frameworks */ = {
			isa = PBXFrameworksBuildPhase;
			buildActionMask = 2147483647;
			files = (
				443C80EC15FC225B00D6497C /* UIKit.framework in Frameworks */,
				443C80EE15FC225B00D6497C /* Foundation.framework in Frameworks */,
				443C80F015FC225B00D6497C /* CoreGraphics.framework in Frameworks */,
			);
			runOnlyForDeploymentPostprocessing = 0;
		};
		443C810A15FC225C00D6497C /* Frameworks */ = {
			isa = PBXFrameworksBuildPhase;
			buildActionMask = 2147483647;
			files = (
				443C811015FC225C00D6497C /* SenTestingKit.framework in Frameworks */,
				443C811115FC225C00D6497C /* UIKit.framework in Frameworks */,
				443C811215FC225C00D6497C /* Foundation.framework in Frameworks */,
			);
			runOnlyForDeploymentPostprocessing = 0;
		};
/* End PBXFrameworksBuildPhase section */

/* Begin PBXGroup section */
		443C80DC15FC225B00D6497C = {
			isa = PBXGroup;
			children = (
				443C80F115FC225B00D6497C /* FirstApp */,
				443C811515FC225C00D6497C /* FirstAppTests */,
				443C80EA15FC225B00D6497C /* Frameworks */,
				443C80E815FC225B00D6497C /* Products */,
			);
			sourceTree = "<group>";
		};
		443C80E815FC225B00D6497C /* Products */ = {
			isa = PBXGroup;
			children = (
				443C80E715FC225B00D6497C /* FirstApp.app */,
				443C810E15FC225C00D6497C /* FirstAppTests.octest */,
			);
			name = Products;
			sourceTree = "<group>";
		};
		443C80EA15FC225B00D6497C /* Frameworks */ = {
			isa = PBXGroup;
			children = (
				443C80EB15FC225B00D6497C /* UIKit.framework */,
				443C80ED15FC225B00D6497C /* Foundation.framework */,
				443C80EF15FC225B00D6497C /* CoreGraphics.framework */,
				443C810F15FC225C00D6497C /* SenTestingKit.framework */,
			);
			name = Frameworks;
			sourceTree = "<group>";
		};
		443C80F115FC225B00D6497C /* FirstApp */ = {
			isa = PBXGroup;
			children = (
				443C80FA15FC225B00D6497C /* AppDelegate.h */,
				443C80FB15FC225B00D6497C /* AppDelegate.m */,
				443C80FD15FC225B00D6497C /* MainStoryboard_iPhone.storyboard */,
				443C810015FC225B00D6497C /* MainStoryboard_iPad.storyboard */,
				443C810315FC225B00D6497C /* MasterViewController.h */,
				443C810415FC225B00D6497C /* MasterViewController.m */,
				443C810615FC225B00D6497C /* DetailViewController.h */,
				443C810715FC225B00D6497C /* DetailViewController.m */,
				443C80F215FC225B00D6497C /* Supporting Files */,
				44C4205016311A8D008F2384 /* Test.c */,
			);
			path = FirstApp;
			sourceTree = "<group>";
		};
		443C80F215FC225B00D6497C /* Supporting Files */ = {
			isa = PBXGroup;
			children = (
				443C80F315FC225B00D6497C /* FirstApp-Info.plist */,
				443C80F415FC225B00D6497C /* InfoPlist.strings */,
				443C80F715FC225B00D6497C /* main.m */,
				443C80F915FC225B00D6497C /* FirstApp-Prefix.pch */,
			);
			name = "Supporting Files";
			sourceTree = "<group>";
		};
		443C811515FC225C00D6497C /* FirstAppTests */ = {
			isa = PBXGroup;
			children = (
				443C811B15FC225C00D6497C /* FirstAppTests.h */,
				443C811C15FC225C00D6497C /* FirstAppTests.m */,
				443C811615FC225C00D6497C /* Supporting Files */,
			);
			path = FirstAppTests;
			sourceTree = "<group>";
		};
		443C811615FC225C00D6497C /* Supporting Files */ = {
			isa = PBXGroup;
			children = (
				443C811715FC225C00D6497C /* FirstAppTests-Info.plist */,
				443C811815FC225C00D6497C /* InfoPlist.strings */,
			);
			name = "Supporting Files";
			sourceTree = "<group>";
		};
/* End PBXGroup section */

/* Begin PBXNativeTarget section */
		443C80E615FC225B00D6497C /* FirstApp */ = {
			isa = PBXNativeTarget;
			buildConfigurationList = 443C812015FC225C00D6497C /* Build configuration list for PBXNativeTarget "FirstApp" */;
			buildPhases = (
				443C80E315FC225B00D6497C /* Sources */,
				443C80E415FC225B00D6497C /* Frameworks */,
				443C80E515FC225B00D6497C /* Resources */,
			);
			buildRules = (
			);
			dependencies = (
			);
			name = FirstApp;
			productName = FirstApp;
			productReference = 443C80E715FC225B00D6497C /* FirstApp.app */;
			productType = "com.apple.product-type.application";
		};
		443C810D15FC225C00D6497C /* FirstAppTests */ = {
			isa = PBXNativeTarget;
			buildConfigurationList = 443C812315FC225C00D6497C /* Build configuration list for PBXNativeTarget "FirstAppTests" */;
			buildPhases = (
				443C810915FC225C00D6497C /* Sources */,
				443C810A15FC225C00D6497C /* Frameworks */,
				443C810B15FC225C00D6497C /* Resources */,
				443C810C15FC225C00D6497C /* ShellScript */,
			);
			buildRules = (
			);
			dependencies = (
				443C811415FC225C00D6497C /* PBXTargetDependency */,
			);
			name = FirstAppTests;
			productName = FirstAppTests;
			productReference = 443C810E15FC225C00D6497C /* FirstAppTests.octest */;
			productType = "com.apple.product-type.bundle";
		};
/* End PBXNativeTarget section */

/* Begin PBXProject section */
		443C80DE15FC225B00D6497C /* Project object */ = {
			isa = PBXProject;
			attributes = {
				LastUpgradeCheck = 0440;
				ORGANIZATIONNAME = Charles;
			};
			buildConfigurationList = 443C80E115FC225B00D6497C /* Build configuration list for PBXProject "FirstApp" */;
			compatibilityVersion = "Xcode 3.2";
			developmentRegion = English;
			hasScannedForEncodings = 0;
			knownRegions = (
				en,
			);
			mainGroup = 443C80DC15FC225B00D6497C;
			productRefGroup = 443C80E815FC225B00D6497C /* Products */;
			projectDirPath = "";
			projectRoot = "";
			targets = (
				443C80E615FC225B00D6497C /* FirstApp */,
				443C810D15FC225C00D6497C /* FirstAppTests */,
			);
		};
/* End PBXProject section */

/* Begin PBXResourcesBuildPhase section */
		443C80E515FC225B00D6497C /* Resources */ = {
			isa = PBXResourcesBuildPhase;
			buildActionMask = 2147483647;
			files = (
				443C80F615FC225B00D6497C /* InfoPlist.strings in Resources */,
				443C80FF15FC225B00D6497C /* MainStoryboard_iPhone.storyboard in Resources */,
				443C810215FC225B00D6497C /* MainStoryboard_iPad.storyboard in Resources */,
			);
			runOnlyForDeploymentPostprocessing = 0;
		};
		443C810B15FC225C00D6497C /* Resources */ = {
			isa = PBXResourcesBuildPhase;
			buildActionMask = 2147483647;
			files = (
				443C811A15FC225C00D6497C /* InfoPlist.strings in Resources */,
			);
			runOnlyForDeploymentPostprocessing = 0;
		};
/* End PBXResourcesBuildPhase section */

/* Begin PBXShellScriptBuildPhase section */
		443C810C15FC225C00D6497C /* ShellScript */ = {
			isa = PBXShellScriptBuildPhase;
			buildActionMask = 2147483647;
			files = (
			);
			inputPaths = (
			);
			outputPaths = (
			);
			runOnlyForDeploymentPostprocessing = 0;
			shellPath = /bin/sh;
			shellScript = "# Run the unit tests in this test bundle.\n\"${SYSTEM_DEVELOPER_DIR}/Tools/RunUnitTests\"\n";
		};
/* End PBXShellScriptBuildPhase section */

/* Begin PBXSourcesBuildPhase section */
		443C80E315FC225B00D6497C /* Sources */ = {
			isa = PBXSourcesBuildPhase;
			buildActionMask = 2147483647;
			files = (
				443C80F815FC225B00D6497C /* main.m in Sources */,
				443C80FC15FC225B00D6497C /* AppDelegate.m in Sources */,
				443C810515FC225B00D6497C /* MasterViewController.m in Sources */,
				443C810815FC225B00D6497C /* DetailViewController.m in Sources */,
				44C4205116311A8D008F2384 /* Test.c in Sources */,
			);
			runOnlyForDeploymentPostprocessing = 0;
		};
		443C810915FC225C00D6497C /* Sources */ = {
			isa = PBXSourcesBuildPhase;
			buildActionMask = 2147483647;
			files = (
				443C811D15FC225C00D6497C /* FirstAppTests.m in Sources */,
			);
			runOnlyForDeploymentPostprocessing = 0;
		};
/* End PBXSourcesBuildPhase section */

/* Begin PBXTargetDependency section */
		443C811415FC225C00D6497C /* PBXTargetDependency */ = {
			isa = PBXTargetDependency;
			target = 443C80E615FC225B00D6497C /* FirstApp */;
			targetProxy = 443C811315FC225C00D6497C /* PBXContainerItemProxy */;
		};
/* End PBXTargetDependency section */

/* Begin PBXVariantGroup section */
		443C80F415FC225B00D6497C /* InfoPlist.strings */ = {
			isa = PBXVariantGroup;
			children = (
				443C80F515FC225B00D6497C /* en */,
			);
			name = InfoPlist.strings;
			sourceTree = "<group>";
		};
		443C80FD15FC225B00D6497C /* MainStoryboard_iPhone.storyboard */ = {
			isa = PBXVariantGroup;
			children = (
				443C80FE15FC225B00D6497C /* en */,
			);
			name = MainStoryboard_iPhone.storyboard;
			sourceTree = "<group>";
		};
		443C810015FC225B00D6497C /* MainStoryboard_iPad.storyboard */ = {
			isa = PBXVariantGroup;
			children = (
				443C810115FC225B00D6497C /* en */,
			);
			name = MainStoryboard_iPad.storyboard;
			sourceTree = "<group>";
		};
		443C811815FC225C00D6497C /* InfoPlist.strings */ = {
			isa = PBXVariantGroup;
			children = (
				443C811915FC225C00D6497C /* en */,
			);
			name = InfoPlist.strings;
			sourceTree = "<group>";
		};
/* End PBXVariantGroup section */

/* Begin XCBuildConfiguration section */
		443C811E15FC225C00D6497C /* Debug */ = {
			isa = XCBuildConfiguration;
			buildSettings = {
				ALWAYS_SEARCH_USER_PATHS = NO;
				ARCHS = "$(ARCHS_STANDARD_32_BIT)";
				CLANG_CXX_LANGUAGE_STANDARD = "gnu++0x";
				CLANG_ENABLE_OBJC_ARC = YES;
				CLANG_WARN__DUPLICATE_METHOD_MATCH = YES;
				"CODE_SIGN_IDENTITY[sdk=iphoneos*]" = "iPhone Developer";
				COPY_PHASE_STRIP = NO;
				GCC_C_LANGUAGE_STANDARD = gnu99;
				GCC_DYNAMIC_NO_PIC = NO;
				GCC_OPTIMIZATION_LEVEL = 0;
				GCC_PREPROCESSOR_DEFINITIONS = (
					"DEBUG=1",
					"$(inherited)",
				);
				GCC_SYMBOLS_PRIVATE_EXTERN = NO;
				GCC_VERSION = com.apple.compilers.llvm.clang.1_0;
				GCC_WARN_ABOUT_RETURN_TYPE = YES;
				GCC_WARN_UNINITIALIZED_AUTOS = YES;
				GCC_WARN_UNUSED_VARIABLE = YES;
				IPHONEOS_DEPLOYMENT_TARGET = 5.1;
				SDKROOT = iphoneos;
				TARGETED_DEVICE_FAMILY = "1,2";
			};
			name = Debug;
		};
		443C811F15FC225C00D6497C /* Release */ = {
			isa = XCBuildConfiguration;
			buildSettings = {
				ALWAYS_SEARCH_USER_PATHS = NO;
				ARCHS = "$(ARCHS_STANDARD_32_BIT)";
				CLANG_CXX_LANGUAGE_STANDARD = "gnu++0x";
				CLANG_ENABLE_OBJC_ARC = YES;
				CLANG_WARN__DUPLICATE_METHOD_MATCH = YES;
				"CODE_SIGN_IDENTITY[sdk=iphoneos*]" = "iPhone Developer";
				COPY_PHASE_STRIP = YES;
				GCC_C_LANGUAGE_STANDARD = gnu99;
				GCC_VERSION = com.apple.compilers.llvm.clang.1_0;
				GCC_WARN_ABOUT_RETURN_TYPE = YES;
				GCC_WARN_UNINITIALIZED_AUTOS = YES;
				GCC_WARN_UNUSED_VARIABLE = YES;
				IPHONEOS_DEPLOYMENT_TARGET = 5.1;
				OTHER_CFLAGS = "-DNS_BLOCK_ASSERTIONS=1";
				SDKROOT = iphoneos;
				TARGETED_DEVICE_FAMILY = "1,2";
				VALIDATE_PRODUCT = YES;
			};
			name = Release;
		};
		443C812115FC225C00D6497C /* Debug */ = {
			isa = XCBuildConfiguration;
			buildSettings = {
				GCC_PRECOMPILE_PREFIX_HEADER = YES;
				GCC_PREFIX_HEADER = "FirstApp/FirstApp-Prefix.pch";
				INFOPLIST_FILE = "FirstApp/FirstApp-Info.plist";
				PRODUCT_NAME = "$(TARGET_NAME)";
				WRAPPER_EXTENSION = app;
			};
			name = Debug;
		};
		443C812215FC225C00D6497C /* Release */ = {
			isa = XCBuildConfiguration;
			buildSettings = {
				GCC_PRECOMPILE_PREFIX_HEADER = YES;
				GCC_PREFIX_HEADER = "FirstApp/FirstApp-Prefix.pch";
				INFOPLIST_FILE = "FirstApp/FirstApp-Info.plist";
				PRODUCT_NAME = "$(TARGET_NAME)";
				WRAPPER_EXTENSION = app;
			};
			name = Release;
		};
		443C812415FC225C00D6497C /* Debug */ = {
			isa = XCBuildConfiguration;
			buildSettings = {
				BUNDLE_LOADER = "$(BUILT_PRODUCTS_DIR)/FirstApp.app/FirstApp";
				FRAMEWORK_SEARCH_PATHS = (
					"\"$(SDKROOT)/Developer/Library/Frameworks\"",
					"\"$(DEVELOPER_LIBRARY_DIR)/Frameworks\"",
				);
				GCC_PRECOMPILE_PREFIX_HEADER = YES;
				GCC_PREFIX_HEADER = "FirstApp/FirstApp-Prefix.pch";
				INFOPLIST_FILE = "FirstAppTests/FirstAppTests-Info.plist";
				PRODUCT_NAME = "$(TARGET_NAME)";
				TEST_HOST = "$(BUNDLE_LOADER)";
				WRAPPER_EXTENSION = octest;
			};
			name = Debug;
		};
		443C812515FC225C00D6497C /* Release */ = {
			isa = XCBuildConfiguration;
			buildSettings = {
				BUNDLE_LOADER = "$(BUILT_PRODUCTS_DIR)/FirstApp.app/FirstApp";
				FRAMEWORK_SEARCH_PATHS = (
					"\"$(SDKROOT)/Developer/Library/Frameworks\"",
					"\"$(DEVELOPER_LIBRARY_DIR)/Frameworks\"",
				);
				GCC_PRECOMPILE_PREFIX_HEADER = YES;
				GCC_PREFIX_HEADER = "FirstApp/FirstApp-Prefix.pch";
				INFOPLIST_FILE = "FirstAppTests/FirstAppTests-Info.plist";
				PRODUCT_NAME = "$(TARGET_NAME)";
				TEST_HOST = "$(BUNDLE_LOADER)";
				WRAPPER_EXTENSION = octest;
			};
			name = Release;
		};
/* End XCBuildConfiguration section */

/* Begin XCConfigurationList section */
		443C80E115FC225B00D6497C /* Build configuration list for PBXProject "FirstApp" */ = {
			isa = XCConfigurationList;
			buildConfigurations = (
				443C811E15FC225C00D6497C /* Debug */,
				443C811F15FC225C00D6497C /* Release */,
			);
			defaultConfigurationIsVisible = 0;
			defaultConfigurationName = Release;
		};
		443C812015FC225C00D6497C /* Build configuration list for PBXNativeTarget "FirstApp" */ = {
			isa = XCConfigurationList;
			buildConfigurations = (
				443C812115FC225C00D6497C /* Debug */,
				443C812215FC225C00D6497C /* Release */,
			);
			defaultConfigurationIsVisible = 0;
			defaultConfigurationName = Release;
		};
		443C812315FC225C00D6497C /* Build configuration list for PBXNativeTarget "FirstAppTests" */ = {
			isa = XCConfigurationList;
			buildConfigurations = (
				443C812415FC225C00D6497C /* Debug */,
				443C812515FC225C00D6497C /* Release */,
			);
			defaultConfigurationIsVisible = 0;
			defaultConfigurationName = Release;
		};
/* End XCConfigurationList section */
	};
	rootObject = 443C80DE15FC225B00D6497C /* Project object */;
}
